
Microsoft Visual Studio Solution File, Format Version 12.00
# Visual Studio Version 16
VisualStudioVersion = 16.0.31025.194
MinimumVisualStudioVersion = 10.0.40219.1
Project("{2150E333-8FDC-42A3-9474-1A3956D46DE8}") = "Solution Items", "Solution Items", "{FE4A1569-1ACC-4AAB-9FF1-F8A54A21DC30}"
	ProjectSection(SolutionItems) = preProject
		.gitignore = .gitignore
		CHANGELOG.md = CHANGELOG.md
		LICENSE = LICENSE
		readme.md = readme.md
	EndProjectSection
EndProject
Project("{2150E333-8FDC-42A3-9474-1A3956D46DE8}") = ".github", ".github", "{102F24FE-880B-43A1-B1F5-754B1BFD3A27}"
EndProject
Project("{2150E333-8FDC-42A3-9474-1A3956D46DE8}") = "workflows", "workflows", "{23392F1E-DF38-468B-948C-3E8FC06CAE7E}"
	ProjectSection(SolutionItems) = preProject
		.github\workflows\pre-release.yml = .github\workflows\pre-release.yml
	EndProjectSection
EndProject
Project("{FAE04EC0-301F-11D3-BF4B-00C04F79EFBC}") = "Phloem", "Phloem\Phloem.csproj", "{BFAA1A44-E5A4-4F7D-B685-3DCF8F339ACF}"
EndProject
Global
	GlobalSection(SolutionConfigurationPlatforms) = preSolution
		Debug|Any CPU = Debug|Any CPU
		Release|Any CPU = Release|Any CPU
	EndGlobalSection
	GlobalSection(ProjectConfigurationPlatforms) = postSolution
		{BFAA1A44-E5A4-4F7D-B685-3DCF8F339ACF}.Debug|Any CPU.ActiveCfg = Debug|Any CPU
		{BFAA1A44-E5A4-4F7D-B685-3DCF8F339ACF}.Debug|Any CPU.Build.0 = Debug|Any CPU
		{BFAA1A44-E5A4-4F7D-B685-3DCF8F339ACF}.Release|Any CPU.ActiveCfg = Release|Any CPU
		{BFAA1A44-E5A4-4F7D-B685-3DCF8F339ACF}.Release|Any CPU.Build.0 = Release|Any CPU
	EndGlobalSection
	GlobalSection(SolutionProperties) = preSolution
		HideSolutionNode = FALSE
	EndGlobalSection
	GlobalSection(NestedProjects) = preSolution
		{102F24FE-880B-43A1-B1F5-754B1BFD3A27} = {FE4A1569-1ACC-4AAB-9FF1-F8A54A21DC30}
		{23392F1E-DF38-468B-948C-3E8FC06CAE7E} = {102F24FE-880B-43A1-B1F5-754B1BFD3A27}
	EndGlobalSection
	GlobalSection(ExtensibilityGlobals) = postSolution
		SolutionGuid = {349028AF-69C3-4B97-9D02-383E6E6A120A}
	EndGlobalSection
EndGlobal
